// !$*UTF8*$!
{
	archiveVersion = 1;
	classes = {
	};
	objectVersion = 56;
	objects = {

/* Begin PBXBuildFile section */
		D753683A2BA220DE0020A95B /* AstroPixApp.swift in Sources */ = {isa = PBXBuildFile; fileRef = D75368392BA220DE0020A95B /* AstroPixApp.swift */; };
		D753683C2BA220DE0020A95B /* ContentView.swift in Sources */ = {isa = PBXBuildFile; fileRef = D753683B2BA220DE0020A95B /* ContentView.swift */; };
		D753683E2BA220E00020A95B /* Assets.xcassets in Resources */ = {isa = PBXBuildFile; fileRef = D753683D2BA220E00020A95B /* Assets.xcassets */; };
		D75368412BA220E00020A95B /* Preview Assets.xcassets in Resources */ = {isa = PBXBuildFile; fileRef = D75368402BA220E00020A95B /* Preview Assets.xcassets */; };
		D75368642BA5B33D0020A95B /* StringKeys.swift in Sources */ = {isa = PBXBuildFile; fileRef = D75368632BA5B33D0020A95B /* StringKeys.swift */; };
		D75368662BA5BA500020A95B /* NetworkManager.swift in Sources */ = {isa = PBXBuildFile; fileRef = D75368652BA5BA500020A95B /* NetworkManager.swift */; };
		D75368682BA5BBB30020A95B /* Apod.swift in Sources */ = {isa = PBXBuildFile; fileRef = D75368672BA5BBB30020A95B /* Apod.swift */; };
		D753686C2BA6FED30020A95B /* Date+Extension.swift in Sources */ = {isa = PBXBuildFile; fileRef = D753686B2BA6FED30020A95B /* Date+Extension.swift */; };
		D75368732BA7111A0020A95B /* ViewModel.swift in Sources */ = {isa = PBXBuildFile; fileRef = D75368722BA7111A0020A95B /* ViewModel.swift */; };
		D777785B2BA83E350004FBEF /* Simulator Screen Recording - iPhone 15 Pro - 2024-03-18 at 10.10.56.gif in Resources */ = {isa = PBXBuildFile; fileRef = D77778582BA83E350004FBEF /* Simulator Screen Recording - iPhone 15 Pro - 2024-03-18 at 10.10.56.gif */; };
		D777785C2BA83E350004FBEF /* Simulator Screenshot - iPhone 15 Pro - 2024-03-18 at 09.58.19.png in Resources */ = {isa = PBXBuildFile; fileRef = D77778592BA83E350004FBEF /* Simulator Screenshot - iPhone 15 Pro - 2024-03-18 at 09.58.19.png */; };
		D777785D2BA83E350004FBEF /* Simulator Screenshot - iPhone 15 Pro - 2024-03-18 at 09.58.44.png in Resources */ = {isa = PBXBuildFile; fileRef = D777785A2BA83E350004FBEF /* Simulator Screenshot - iPhone 15 Pro - 2024-03-18 at 09.58.44.png */; };
/* End PBXBuildFile section */

/* Begin PBXContainerItemProxy section */
		D75368472BA220E00020A95B /* PBXContainerItemProxy */ = {
			isa = PBXContainerItemProxy;
			containerPortal = D753682E2BA220DE0020A95B /* Project object */;
			proxyType = 1;
			remoteGlobalIDString = D75368352BA220DE0020A95B;
			remoteInfo = AstroPix;
		};
		D75368512BA220E00020A95B /* PBXContainerItemProxy */ = {
			isa = PBXContainerItemProxy;
			containerPortal = D753682E2BA220DE0020A95B /* Project object */;
			proxyType = 1;
			remoteGlobalIDString = D75368352BA220DE0020A95B;
			remoteInfo = AstroPix;
		};
/* End PBXContainerItemProxy section */

/* Begin PBXFileReference section */
		D75368362BA220DE0020A95B /* AstroPix.app */ = {isa = PBXFileReference; explicitFileType = wrapper.application; includeInIndex = 0; path = AstroPix.app; sourceTree = BUILT_PRODUCTS_DIR; };
		D75368392BA220DE0020A95B /* AstroPixApp.swift */ = {isa = PBXFileReference; lastKnownFileType = sourcecode.swift; path = AstroPixApp.swift; sourceTree = "<group>"; };
		D753683B2BA220DE0020A95B /* ContentView.swift */ = {isa = PBXFileReference; lastKnownFileType = sourcecode.swift; path = ContentView.swift; sourceTree = "<group>"; };
		D753683D2BA220E00020A95B /* Assets.xcassets */ = {isa = PBXFileReference; lastKnownFileType = folder.assetcatalog; path = Assets.xcassets; sourceTree = "<group>"; };
		D75368402BA220E00020A95B /* Preview Assets.xcassets */ = {isa = PBXFileReference; lastKnownFileType = folder.assetcatalog; path = "Preview Assets.xcassets"; sourceTree = "<group>"; };
		D75368462BA220E00020A95B /* AstroPixTests.xctest */ = {isa = PBXFileReference; explicitFileType = wrapper.cfbundle; includeInIndex = 0; path = AstroPixTests.xctest; sourceTree = BUILT_PRODUCTS_DIR; };
		D75368502BA220E00020A95B /* AstroPixUITests.xctest */ = {isa = PBXFileReference; explicitFileType = wrapper.cfbundle; includeInIndex = 0; path = AstroPixUITests.xctest; sourceTree = BUILT_PRODUCTS_DIR; };
		D75368632BA5B33D0020A95B /* StringKeys.swift */ = {isa = PBXFileReference; lastKnownFileType = sourcecode.swift; path = StringKeys.swift; sourceTree = "<group>"; };
		D75368652BA5BA500020A95B /* NetworkManager.swift */ = {isa = PBXFileReference; lastKnownFileType = sourcecode.swift; path = NetworkManager.swift; sourceTree = "<group>"; };
		D75368672BA5BBB30020A95B /* Apod.swift */ = {isa = PBXFileReference; lastKnownFileType = sourcecode.swift; path = Apod.swift; sourceTree = "<group>"; };
		D753686B2BA6FED30020A95B /* Date+Extension.swift */ = {isa = PBXFileReference; lastKnownFileType = sourcecode.swift; path = "Date+Extension.swift"; sourceTree = "<group>"; };
		D75368722BA7111A0020A95B /* ViewModel.swift */ = {isa = PBXFileReference; lastKnownFileType = sourcecode.swift; path = ViewModel.swift; sourceTree = "<group>"; };
		D77778562BA838800004FBEF /* ReadMe.md */ = {isa = PBXFileReference; lastKnownFileType = net.daringfireball.markdown; path = ReadMe.md; sourceTree = "<group>"; };
		D77778582BA83E350004FBEF /* Simulator Screen Recording - iPhone 15 Pro - 2024-03-18 at 10.10.56.gif */ = {isa = PBXFileReference; lastKnownFileType = image.gif; name = "Simulator Screen Recording - iPhone 15 Pro - 2024-03-18 at 10.10.56.gif"; path = "readme_resources/Simulator Screen Recording - iPhone 15 Pro - 2024-03-18 at 10.10.56.gif"; sourceTree = SOURCE_ROOT; };
		D77778592BA83E350004FBEF /* Simulator Screenshot - iPhone 15 Pro - 2024-03-18 at 09.58.19.png */ = {isa = PBXFileReference; lastKnownFileType = image.png; name = "Simulator Screenshot - iPhone 15 Pro - 2024-03-18 at 09.58.19.png"; path = "readme_resources/Simulator Screenshot - iPhone 15 Pro - 2024-03-18 at 09.58.19.png"; sourceTree = SOURCE_ROOT; };
		D777785A2BA83E350004FBEF /* Simulator Screenshot - iPhone 15 Pro - 2024-03-18 at 09.58.44.png */ = {isa = PBXFileReference; lastKnownFileType = image.png; name = "Simulator Screenshot - iPhone 15 Pro - 2024-03-18 at 09.58.44.png"; path = "readme_resources/Simulator Screenshot - iPhone 15 Pro - 2024-03-18 at 09.58.44.png"; sourceTree = SOURCE_ROOT; };
/* End PBXFileReference section */

/* Begin PBXFrameworksBuildPhase section */
		D75368332BA220DE0020A95B /* Frameworks */ = {
			isa = PBXFrameworksBuildPhase;
			buildActionMask = 2147483647;
			files = (
			);
			runOnlyForDeploymentPostprocessing = 0;
		};
		D75368432BA220E00020A95B /* Frameworks */ = {
			isa = PBXFrameworksBuildPhase;
			buildActionMask = 2147483647;
			files = (
			);
			runOnlyForDeploymentPostprocessing = 0;
		};
		D753684D2BA220E00020A95B /* Frameworks */ = {
			isa = PBXFrameworksBuildPhase;
			buildActionMask = 2147483647;
			files = (
			);
			runOnlyForDeploymentPostprocessing = 0;
		};
/* End PBXFrameworksBuildPhase section */

/* Begin PBXGroup section */
		D753682D2BA220DE0020A95B = {
			isa = PBXGroup;
			children = (
				D77778562BA838800004FBEF /* ReadMe.md */,
				D77778572BA83E200004FBEF /* readme_resources */,
				D75368382BA220DE0020A95B /* AstroPix */,
				D75368372BA220DE0020A95B /* Products */,
			);
			sourceTree = "<group>";
		};
		D75368372BA220DE0020A95B /* Products */ = {
			isa = PBXGroup;
			children = (
				D75368362BA220DE0020A95B /* AstroPix.app */,
				D75368462BA220E00020A95B /* AstroPixTests.xctest */,
				D75368502BA220E00020A95B /* AstroPixUITests.xctest */,
			);
			name = Products;
			sourceTree = "<group>";
		};
		D75368382BA220DE0020A95B /* AstroPix */ = {
			isa = PBXGroup;
			children = (
				D75368392BA220DE0020A95B /* AstroPixApp.swift */,
				D75368632BA5B33D0020A95B /* StringKeys.swift */,
				D753686D2BA710BE0020A95B /* Extensions */,
				D753686E2BA710D70020A95B /* Views */,
				D75368712BA711040020A95B /* View Model */,
				D75368702BA710FA0020A95B /* Managers */,
				D753686F2BA710ED0020A95B /* Model */,
				D753683D2BA220E00020A95B /* Assets.xcassets */,
				D753683F2BA220E00020A95B /* Preview Content */,
			);
			path = AstroPix;
			sourceTree = "<group>";
		};
		D753683F2BA220E00020A95B /* Preview Content */ = {
			isa = PBXGroup;
			children = (
				D75368402BA220E00020A95B /* Preview Assets.xcassets */,
			);
			path = "Preview Content";
			sourceTree = "<group>";
		};
		D753686D2BA710BE0020A95B /* Extensions */ = {
			isa = PBXGroup;
			children = (
				D753686B2BA6FED30020A95B /* Date+Extension.swift */,
			);
			path = Extensions;
			sourceTree = "<group>";
		};
		D753686E2BA710D70020A95B /* Views */ = {
			isa = PBXGroup;
			children = (
				D753683B2BA220DE0020A95B /* ContentView.swift */,
			);
			path = Views;
			sourceTree = "<group>";
		};
		D753686F2BA710ED0020A95B /* Model */ = {
			isa = PBXGroup;
			children = (
				D75368672BA5BBB30020A95B /* Apod.swift */,
			);
			path = Model;
			sourceTree = "<group>";
		};
		D75368702BA710FA0020A95B /* Managers */ = {
			isa = PBXGroup;
			children = (
				D75368652BA5BA500020A95B /* NetworkManager.swift */,
			);
			path = Managers;
			sourceTree = "<group>";
		};
		D75368712BA711040020A95B /* View Model */ = {
			isa = PBXGroup;
			children = (
				D75368722BA7111A0020A95B /* ViewModel.swift */,
			);
			path = "View Model";
			sourceTree = "<group>";
		};
		D77778572BA83E200004FBEF /* readme_resources */ = {
			isa = PBXGroup;
			children = (
				D77778582BA83E350004FBEF /* Simulator Screen Recording - iPhone 15 Pro - 2024-03-18 at 10.10.56.gif */,
				D77778592BA83E350004FBEF /* Simulator Screenshot - iPhone 15 Pro - 2024-03-18 at 09.58.19.png */,
				D777785A2BA83E350004FBEF /* Simulator Screenshot - iPhone 15 Pro - 2024-03-18 at 09.58.44.png */,
			);
			path = readme_resources;
			sourceTree = "<group>";
		};
/* End PBXGroup section */

/* Begin PBXNativeTarget section */
		D75368352BA220DE0020A95B /* AstroPix */ = {
			isa = PBXNativeTarget;
			buildConfigurationList = D753685A2BA220E00020A95B /* Build configuration list for PBXNativeTarget "AstroPix" */;
			buildPhases = (
				D75368322BA220DE0020A95B /* Sources */,
				D75368742BA7119B0020A95B /* SwiftLint */,
				D75368332BA220DE0020A95B /* Frameworks */,
				D75368342BA220DE0020A95B /* Resources */,
			);
			buildRules = (
			);
			dependencies = (
			);
			name = AstroPix;
			productName = AstroPix;
			productReference = D75368362BA220DE0020A95B /* AstroPix.app */;
			productType = "com.apple.product-type.application";
		};
		D75368452BA220E00020A95B /* AstroPixTests */ = {
			isa = PBXNativeTarget;
			buildConfigurationList = D753685D2BA220E00020A95B /* Build configuration list for PBXNativeTarget "AstroPixTests" */;
			buildPhases = (
				D75368422BA220E00020A95B /* Sources */,
				D75368432BA220E00020A95B /* Frameworks */,
				D75368442BA220E00020A95B /* Resources */,
			);
			buildRules = (
			);
			dependencies = (
				D75368482BA220E00020A95B /* PBXTargetDependency */,
			);
			name = AstroPixTests;
			productName = AstroPixTests;
			productReference = D75368462BA220E00020A95B /* AstroPixTests.xctest */;
			productType = "com.apple.product-type.bundle.unit-test";
		};
		D753684F2BA220E00020A95B /* AstroPixUITests */ = {
			isa = PBXNativeTarget;
			buildConfigurationList = D75368602BA220E00020A95B /* Build configuration list for PBXNativeTarget "AstroPixUITests" */;
			buildPhases = (
				D753684C2BA220E00020A95B /* Sources */,
				D753684D2BA220E00020A95B /* Frameworks */,
				D753684E2BA220E00020A95B /* Resources */,
			);
			buildRules = (
			);
			dependencies = (
				D75368522BA220E00020A95B /* PBXTargetDependency */,
			);
			name = AstroPixUITests;
			productName = AstroPixUITests;
			productReference = D75368502BA220E00020A95B /* AstroPixUITests.xctest */;
			productType = "com.apple.product-type.bundle.ui-testing";
		};
/* End PBXNativeTarget section */

/* Begin PBXProject section */
		D753682E2BA220DE0020A95B /* Project object */ = {
			isa = PBXProject;
			attributes = {
				BuildIndependentTargetsInParallel = 1;
				LastSwiftUpdateCheck = 1530;
				LastUpgradeCheck = 1530;
				TargetAttributes = {
					D75368352BA220DE0020A95B = {
						CreatedOnToolsVersion = 15.3;
					};
					D75368452BA220E00020A95B = {
						CreatedOnToolsVersion = 15.3;
						TestTargetID = D75368352BA220DE0020A95B;
					};
					D753684F2BA220E00020A95B = {
						CreatedOnToolsVersion = 15.3;
						TestTargetID = D75368352BA220DE0020A95B;
					};
				};
			};
			buildConfigurationList = D75368312BA220DE0020A95B /* Build configuration list for PBXProject "AstroPix" */;
			compatibilityVersion = "Xcode 14.0";
			developmentRegion = en;
			hasScannedForEncodings = 0;
			knownRegions = (
				en,
				Base,
			);
			mainGroup = D753682D2BA220DE0020A95B;
			productRefGroup = D75368372BA220DE0020A95B /* Products */;
			projectDirPath = "";
			projectRoot = "";
			targets = (
				D75368352BA220DE0020A95B /* AstroPix */,
				D75368452BA220E00020A95B /* AstroPixTests */,
				D753684F2BA220E00020A95B /* AstroPixUITests */,
			);
		};
/* End PBXProject section */

/* Begin PBXResourcesBuildPhase section */
		D75368342BA220DE0020A95B /* Resources */ = {
			isa = PBXResourcesBuildPhase;
			buildActionMask = 2147483647;
			files = (
				D777785B2BA83E350004FBEF /* Simulator Screen Recording - iPhone 15 Pro - 2024-03-18 at 10.10.56.gif in Resources */,
				D75368412BA220E00020A95B /* Preview Assets.xcassets in Resources */,
				D753683E2BA220E00020A95B /* Assets.xcassets in Resources */,
				D777785C2BA83E350004FBEF /* Simulator Screenshot - iPhone 15 Pro - 2024-03-18 at 09.58.19.png in Resources */,
				D777785D2BA83E350004FBEF /* Simulator Screenshot - iPhone 15 Pro - 2024-03-18 at 09.58.44.png in Resources */,
			);
			runOnlyForDeploymentPostprocessing = 0;
		};
		D75368442BA220E00020A95B /* Resources */ = {
			isa = PBXResourcesBuildPhase;
			buildActionMask = 2147483647;
			files = (
			);
			runOnlyForDeploymentPostprocessing = 0;
		};
		D753684E2BA220E00020A95B /* Resources */ = {
			isa = PBXResourcesBuildPhase;
			buildActionMask = 2147483647;
			files = (
			);
			runOnlyForDeploymentPostprocessing = 0;
		};
/* End PBXResourcesBuildPhase section */

/* Begin PBXShellScriptBuildPhase section */
		D75368742BA7119B0020A95B /* SwiftLint */ = {
			isa = PBXShellScriptBuildPhase;
			alwaysOutOfDate = 1;
			buildActionMask = 2147483647;
			files = (
			);
			inputFileListPaths = (
			);
			inputPaths = (
			);
			name = SwiftLint;
			outputFileListPaths = (
			);
			outputPaths = (
			);
			runOnlyForDeploymentPostprocessing = 0;
			shellPath = /bin/sh;
			shellScript = "# Type a script or drag a script file from your workspace to insert its path.\nif [[ \"$(uname -m)\" == arm64 ]]; then\n    export PATH=\"/opt/homebrew/bin:$PATH\"\nfi\n\nif which swiftlint > /dev/null; then\n  swiftlint\nelse\n  echo \"warning: SwiftLint not installed, download from https://github.com/realm/SwiftLint\"\nfi\n";
		};
/* End PBXShellScriptBuildPhase section */

/* Begin PBXSourcesBuildPhase section */
		D75368322BA220DE0020A95B /* Sources */ = {
			isa = PBXSourcesBuildPhase;
			buildActionMask = 2147483647;
			files = (
				D75368662BA5BA500020A95B /* NetworkManager.swift in Sources */,
				D753683C2BA220DE0020A95B /* ContentView.swift in Sources */,
				D75368642BA5B33D0020A95B /* StringKeys.swift in Sources */,
				D75368682BA5BBB30020A95B /* Apod.swift in Sources */,
				D753683A2BA220DE0020A95B /* AstroPixApp.swift in Sources */,
				D753686C2BA6FED30020A95B /* Date+Extension.swift in Sources */,
				D75368732BA7111A0020A95B /* ViewModel.swift in Sources */,
			);
			runOnlyForDeploymentPostprocessing = 0;
		};
		D75368422BA220E00020A95B /* Sources */ = {
			isa = PBXSourcesBuildPhase;
			buildActionMask = 2147483647;
			files = (
			);
			runOnlyForDeploymentPostprocessing = 0;
		};
		D753684C2BA220E00020A95B /* Sources */ = {
			isa = PBXSourcesBuildPhase;
			buildActionMask = 2147483647;
			files = (
			);
			runOnlyForDeploymentPostprocessing = 0;
		};
/* End PBXSourcesBuildPhase section */

/* Begin PBXTargetDependency section */
		D75368482BA220E00020A95B /* PBXTargetDependency */ = {
			isa = PBXTargetDependency;
			target = D75368352BA220DE0020A95B /* AstroPix */;
			targetProxy = D75368472BA220E00020A95B /* PBXContainerItemProxy */;
		};
		D75368522BA220E00020A95B /* PBXTargetDependency */ = {
			isa = PBXTargetDependency;
			target = D75368352BA220DE0020A95B /* AstroPix */;
			targetProxy = D75368512BA220E00020A95B /* PBXContainerItemProxy */;
		};
/* End PBXTargetDependency section */

/* Begin XCBuildConfiguration section */
		D75368582BA220E00020A95B /* Debug */ = {
			isa = XCBuildConfiguration;
			buildSettings = {
				ALWAYS_SEARCH_USER_PATHS = NO;
				ASSETCATALOG_COMPILER_GENERATE_SWIFT_ASSET_SYMBOL_EXTENSIONS = YES;
				CLANG_ANALYZER_NONNULL = YES;
				CLANG_ANALYZER_NUMBER_OBJECT_CONVERSION = YES_AGGRESSIVE;
				CLANG_CXX_LANGUAGE_STANDARD = "gnu++20";
				CLANG_ENABLE_MODULES = YES;
				CLANG_ENABLE_OBJC_ARC = YES;
				CLANG_ENABLE_OBJC_WEAK = YES;
				CLANG_WARN_BLOCK_CAPTURE_AUTORELEASING = YES;
				CLANG_WARN_BOOL_CONVERSION = YES;
				CLANG_WARN_COMMA = YES;
				CLANG_WARN_CONSTANT_CONVERSION = YES;
				CLANG_WARN_DEPRECATED_OBJC_IMPLEMENTATIONS = YES;
				CLANG_WARN_DIRECT_OBJC_ISA_USAGE = YES_ERROR;
				CLANG_WARN_DOCUMENTATION_COMMENTS = YES;
				CLANG_WARN_EMPTY_BODY = YES;
				CLANG_WARN_ENUM_CONVERSION = YES;
				CLANG_WARN_INFINITE_RECURSION = YES;
				CLANG_WARN_INT_CONVERSION = YES;
				CLANG_WARN_NON_LITERAL_NULL_CONVERSION = YES;
				CLANG_WARN_OBJC_IMPLICIT_RETAIN_SELF = YES;
				CLANG_WARN_OBJC_LITERAL_CONVERSION = YES;
				CLANG_WARN_OBJC_ROOT_CLASS = YES_ERROR;
				CLANG_WARN_QUOTED_INCLUDE_IN_FRAMEWORK_HEADER = YES;
				CLANG_WARN_RANGE_LOOP_ANALYSIS = YES;
				CLANG_WARN_STRICT_PROTOTYPES = YES;
				CLANG_WARN_SUSPICIOUS_MOVE = YES;
				CLANG_WARN_UNGUARDED_AVAILABILITY = YES_AGGRESSIVE;
				CLANG_WARN_UNREACHABLE_CODE = YES;
				CLANG_WARN__DUPLICATE_METHOD_MATCH = YES;
				COPY_PHASE_STRIP = NO;
				DEBUG_INFORMATION_FORMAT = dwarf;
				ENABLE_STRICT_OBJC_MSGSEND = YES;
				ENABLE_TESTABILITY = YES;
				ENABLE_USER_SCRIPT_SANDBOXING = YES;
				GCC_C_LANGUAGE_STANDARD = gnu17;
				GCC_DYNAMIC_NO_PIC = NO;
				GCC_NO_COMMON_BLOCKS = YES;
				GCC_OPTIMIZATION_LEVEL = 0;
				GCC_PREPROCESSOR_DEFINITIONS = (
					"DEBUG=1",
					"$(inherited)",
				);
				GCC_WARN_64_TO_32_BIT_CONVERSION = YES;
				GCC_WARN_ABOUT_RETURN_TYPE = YES_ERROR;
				GCC_WARN_UNDECLARED_SELECTOR = YES;
				GCC_WARN_UNINITIALIZED_AUTOS = YES_AGGRESSIVE;
				GCC_WARN_UNUSED_FUNCTION = YES;
				GCC_WARN_UNUSED_VARIABLE = YES;
				IPHONEOS_DEPLOYMENT_TARGET = 17.4;
				LOCALIZATION_PREFERS_STRING_CATALOGS = YES;
				MTL_ENABLE_DEBUG_INFO = INCLUDE_SOURCE;
				MTL_FAST_MATH = YES;
				ONLY_ACTIVE_ARCH = YES;
				SDKROOT = iphoneos;
				SWIFT_ACTIVE_COMPILATION_CONDITIONS = "DEBUG $(inherited)";
				SWIFT_OPTIMIZATION_LEVEL = "-Onone";
			};
			name = Debug;
		};
		D75368592BA220E00020A95B /* Release */ = {
			isa = XCBuildConfiguration;
			buildSettings = {
				ALWAYS_SEARCH_USER_PATHS = NO;
				ASSETCATALOG_COMPILER_GENERATE_SWIFT_ASSET_SYMBOL_EXTENSIONS = YES;
				CLANG_ANALYZER_NONNULL = YES;
				CLANG_ANALYZER_NUMBER_OBJECT_CONVERSION = YES_AGGRESSIVE;
				CLANG_CXX_LANGUAGE_STANDARD = "gnu++20";
				CLANG_ENABLE_MODULES = YES;
				CLANG_ENABLE_OBJC_ARC = YES;
				CLANG_ENABLE_OBJC_WEAK = YES;
				CLANG_WARN_BLOCK_CAPTURE_AUTORELEASING = YES;
				CLANG_WARN_BOOL_CONVERSION = YES;
				CLANG_WARN_COMMA = YES;
				CLANG_WARN_CONSTANT_CONVERSION = YES;
				CLANG_WARN_DEPRECATED_OBJC_IMPLEMENTATIONS = YES;
				CLANG_WARN_DIRECT_OBJC_ISA_USAGE = YES_ERROR;
				CLANG_WARN_DOCUMENTATION_COMMENTS = YES;
				CLANG_WARN_EMPTY_BODY = YES;
				CLANG_WARN_ENUM_CONVERSION = YES;
				CLANG_WARN_INFINITE_RECURSION = YES;
				CLANG_WARN_INT_CONVERSION = YES;
				CLANG_WARN_NON_LITERAL_NULL_CONVERSION = YES;
				CLANG_WARN_OBJC_IMPLICIT_RETAIN_SELF = YES;
				CLANG_WARN_OBJC_LITERAL_CONVERSION = YES;
				CLANG_WARN_OBJC_ROOT_CLASS = YES_ERROR;
				CLANG_WARN_QUOTED_INCLUDE_IN_FRAMEWORK_HEADER = YES;
				CLANG_WARN_RANGE_LOOP_ANALYSIS = YES;
				CLANG_WARN_STRICT_PROTOTYPES = YES;
				CLANG_WARN_SUSPICIOUS_MOVE = YES;
				CLANG_WARN_UNGUARDED_AVAILABILITY = YES_AGGRESSIVE;
				CLANG_WARN_UNREACHABLE_CODE = YES;
				CLANG_WARN__DUPLICATE_METHOD_MATCH = YES;
				COPY_PHASE_STRIP = NO;
				DEBUG_INFORMATION_FORMAT = "dwarf-with-dsym";
				ENABLE_NS_ASSERTIONS = NO;
				ENABLE_STRICT_OBJC_MSGSEND = YES;
				ENABLE_USER_SCRIPT_SANDBOXING = YES;
				GCC_C_LANGUAGE_STANDARD = gnu17;
				GCC_NO_COMMON_BLOCKS = YES;
				GCC_WARN_64_TO_32_BIT_CONVERSION = YES;
				GCC_WARN_ABOUT_RETURN_TYPE = YES_ERROR;
				GCC_WARN_UNDECLARED_SELECTOR = YES;
				GCC_WARN_UNINITIALIZED_AUTOS = YES_AGGRESSIVE;
				GCC_WARN_UNUSED_FUNCTION = YES;
				GCC_WARN_UNUSED_VARIABLE = YES;
				IPHONEOS_DEPLOYMENT_TARGET = 17.4;
				LOCALIZATION_PREFERS_STRING_CATALOGS = YES;
				MTL_ENABLE_DEBUG_INFO = NO;
				MTL_FAST_MATH = YES;
				SDKROOT = iphoneos;
				SWIFT_COMPILATION_MODE = wholemodule;
				VALIDATE_PRODUCT = YES;
			};
			name = Release;
		};
		D753685B2BA220E00020A95B /* Debug */ = {
			isa = XCBuildConfiguration;
			buildSettings = {
				ASSETCATALOG_COMPILER_APPICON_NAME = AppIcon;
				ASSETCATALOG_COMPILER_GLOBAL_ACCENT_COLOR_NAME = AccentColor;
				CODE_SIGN_STYLE = Automatic;
				CURRENT_PROJECT_VERSION = 1;
				DEVELOPMENT_ASSET_PATHS = "\"AstroPix/Preview Content\"";
				DEVELOPMENT_TEAM = S6M35AAZJ6;
				ENABLE_PREVIEWS = YES;
				ENABLE_USER_SCRIPT_SANDBOXING = NO;
				GENERATE_INFOPLIST_FILE = YES;
				INFOPLIST_KEY_UIApplicationSceneManifest_Generation = YES;
				INFOPLIST_KEY_UIApplicationSupportsIndirectInputEvents = YES;
				INFOPLIST_KEY_UILaunchScreen_Generation = YES;
				INFOPLIST_KEY_UISupportedInterfaceOrientations_iPad = "UIInterfaceOrientationPortrait UIInterfaceOrientationPortraitUpsideDown UIInterfaceOrientationLandscapeLeft UIInterfaceOrientationLandscapeRight";
				INFOPLIST_KEY_UISupportedInterfaceOrientations_iPhone = "UIInterfaceOrientationPortrait UIInterfaceOrientationLandscapeLeft UIInterfaceOrientationLandscapeRight";
				LD_RUNPATH_SEARCH_PATHS = (
					"$(inherited)",
					"@executable_path/Frameworks",
				);
				MARKETING_VERSION = 1.0;
				PRODUCT_BUNDLE_IDENTIFIER = com.martinsimar.AstroPix;
				PRODUCT_NAME = "$(TARGET_NAME)";
				SWIFT_EMIT_LOC_STRINGS = YES;
				SWIFT_VERSION = 5.0;
				TARGETED_DEVICE_FAMILY = "1,2";
			};
			name = Debug;
		};
		D753685C2BA220E00020A95B /* Release */ = {
			isa = XCBuildConfiguration;
			buildSettings = {
				ASSETCATALOG_COMPILER_APPICON_NAME = AppIcon;
				ASSETCATALOG_COMPILER_GLOBAL_ACCENT_COLOR_NAME = AccentColor;
				CODE_SIGN_STYLE = Automatic;
				CURRENT_PROJECT_VERSION = 1;
				DEVELOPMENT_ASSET_PATHS = "\"AstroPix/Preview Content\"";
				DEVELOPMENT_TEAM = S6M35AAZJ6;
				ENABLE_PREVIEWS = YES;
				ENABLE_USER_SCRIPT_SANDBOXING = NO;
				GENERATE_INFOPLIST_FILE = YES;
				INFOPLIST_KEY_UIApplicationSceneManifest_Generation = YES;
				INFOPLIST_KEY_UIApplicationSupportsIndirectInputEvents = YES;
				INFOPLIST_KEY_UILaunchScreen_Generation = YES;
				INFOPLIST_KEY_UISupportedInterfaceOrientations_iPad = "UIInterfaceOrientationPortrait UIInterfaceOrientationPortraitUpsideDown UIInterfaceOrientationLandscapeLeft UIInterfaceOrientationLandscapeRight";
				INFOPLIST_KEY_UISupportedInterfaceOrientations_iPhone = "UIInterfaceOrientationPortrait UIInterfaceOrientationLandscapeLeft UIInterfaceOrientationLandscapeRight";
				LD_RUNPATH_SEARCH_PATHS = (
					"$(inherited)",
					"@executable_path/Frameworks",
				);
				MARKETING_VERSION = 1.0;
				PRODUCT_BUNDLE_IDENTIFIER = com.martinsimar.AstroPix;
				PRODUCT_NAME = "$(TARGET_NAME)";
				SWIFT_EMIT_LOC_STRINGS = YES;
				SWIFT_VERSION = 5.0;
				TARGETED_DEVICE_FAMILY = "1,2";
			};
			name = Release;
		};
		D753685E2BA220E00020A95B /* Debug */ = {
			isa = XCBuildConfiguration;
			buildSettings = {
				ALWAYS_EMBED_SWIFT_STANDARD_LIBRARIES = YES;
				BUNDLE_LOADER = "$(TEST_HOST)";
				CODE_SIGN_STYLE = Automatic;
				CURRENT_PROJECT_VERSION = 1;
				DEVELOPMENT_TEAM = S6M35AAZJ6;
				GENERATE_INFOPLIST_FILE = YES;
				IPHONEOS_DEPLOYMENT_TARGET = 17.4;
				MARKETING_VERSION = 1.0;
				PRODUCT_BUNDLE_IDENTIFIER = com.martinsimar.AstroPixTests;
				PRODUCT_NAME = "$(TARGET_NAME)";
				SWIFT_EMIT_LOC_STRINGS = NO;
				SWIFT_VERSION = 5.0;
				TARGETED_DEVICE_FAMILY = "1,2";
				TEST_HOST = "$(BUILT_PRODUCTS_DIR)/AstroPix.app/$(BUNDLE_EXECUTABLE_FOLDER_PATH)/AstroPix";
			};
			name = Debug;
		};
		D753685F2BA220E00020A95B /* Release */ = {
			isa = XCBuildConfiguration;
			buildSettings = {
				ALWAYS_EMBED_SWIFT_STANDARD_LIBRARIES = YES;
				BUNDLE_LOADER = "$(TEST_HOST)";
				CODE_SIGN_STYLE = Automatic;
				CURRENT_PROJECT_VERSION = 1;
				DEVELOPMENT_TEAM = S6M35AAZJ6;
				GENERATE_INFOPLIST_FILE = YES;
				IPHONEOS_DEPLOYMENT_TARGET = 17.4;
				MARKETING_VERSION = 1.0;
				PRODUCT_BUNDLE_IDENTIFIER = com.martinsimar.AstroPixTests;
				PRODUCT_NAME = "$(TARGET_NAME)";
				SWIFT_EMIT_LOC_STRINGS = NO;
				SWIFT_VERSION = 5.0;
				TARGETED_DEVICE_FAMILY = "1,2";
				TEST_HOST = "$(BUILT_PRODUCTS_DIR)/AstroPix.app/$(BUNDLE_EXECUTABLE_FOLDER_PATH)/AstroPix";
			};
			name = Release;
		};
		D75368612BA220E00020A95B /* Debug */ = {
			isa = XCBuildConfiguration;
			buildSettings = {
				ALWAYS_EMBED_SWIFT_STANDARD_LIBRARIES = YES;
				CODE_SIGN_STYLE = Automatic;
				CURRENT_PROJECT_VERSION = 1;
				DEVELOPMENT_TEAM = S6M35AAZJ6;
				GENERATE_INFOPLIST_FILE = YES;
				MARKETING_VERSION = 1.0;
				PRODUCT_BUNDLE_IDENTIFIER = com.martinsimar.AstroPixUITests;
				PRODUCT_NAME = "$(TARGET_NAME)";
				SWIFT_EMIT_LOC_STRINGS = NO;
				SWIFT_VERSION = 5.0;
				TARGETED_DEVICE_FAMILY = "1,2";
				TEST_TARGET_NAME = AstroPix;
			};
			name = Debug;
		};
		D75368622BA220E00020A95B /* Release */ = {
			isa = XCBuildConfiguration;
			buildSettings = {
				ALWAYS_EMBED_SWIFT_STANDARD_LIBRARIES = YES;
				CODE_SIGN_STYLE = Automatic;
				CURRENT_PROJECT_VERSION = 1;
				DEVELOPMENT_TEAM = S6M35AAZJ6;
				GENERATE_INFOPLIST_FILE = YES;
				MARKETING_VERSION = 1.0;
				PRODUCT_BUNDLE_IDENTIFIER = com.martinsimar.AstroPixUITests;
				PRODUCT_NAME = "$(TARGET_NAME)";
				SWIFT_EMIT_LOC_STRINGS = NO;
				SWIFT_VERSION = 5.0;
				TARGETED_DEVICE_FAMILY = "1,2";
				TEST_TARGET_NAME = AstroPix;
			};
			name = Release;
		};
/* End XCBuildConfiguration section */

/* Begin XCConfigurationList section */
		D75368312BA220DE0020A95B /* Build configuration list for PBXProject "AstroPix" */ = {
			isa = XCConfigurationList;
			buildConfigurations = (
				D75368582BA220E00020A95B /* Debug */,
				D75368592BA220E00020A95B /* Release */,
			);
			defaultConfigurationIsVisible = 0;
			defaultConfigurationName = Release;
		};
		D753685A2BA220E00020A95B /* Build configuration list for PBXNativeTarget "AstroPix" */ = {
			isa = XCConfigurationList;
			buildConfigurations = (
				D753685B2BA220E00020A95B /* Debug */,
				D753685C2BA220E00020A95B /* Release */,
			);
			defaultConfigurationIsVisible = 0;
			defaultConfigurationName = Release;
		};
		D753685D2BA220E00020A95B /* Build configuration list for PBXNativeTarget "AstroPixTests" */ = {
			isa = XCConfigurationList;
			buildConfigurations = (
				D753685E2BA220E00020A95B /* Debug */,
				D753685F2BA220E00020A95B /* Release */,
			);
			defaultConfigurationIsVisible = 0;
			defaultConfigurationName = Release;
		};
		D75368602BA220E00020A95B /* Build configuration list for PBXNativeTarget "AstroPixUITests" */ = {
			isa = XCConfigurationList;
			buildConfigurations = (
				D75368612BA220E00020A95B /* Debug */,
				D75368622BA220E00020A95B /* Release */,
			);
			defaultConfigurationIsVisible = 0;
			defaultConfigurationName = Release;
		};
/* End XCConfigurationList section */
	};
	rootObject = D753682E2BA220DE0020A95B /* Project object */;
}
